
Microsoft Visual Studio Solution File, Format Version 12.00
# Visual Studio Version 17
VisualStudioVersion = 17.10.35122.118
MinimumVisualStudioVersion = 10.0.40219.1
Project("{FAE04EC0-301F-11D3-BF4B-00C04F79EFBC}") = "WPFDataBinding", "WPFDataBinding.csproj", "{6A260E71-654F-4D88-8A27-18BA4F28AA8A}"
EndProject
Global
	GlobalSection(SolutionConfigurationPlatforms) = preSolution
		Debug|Any CPU = Debug|Any CPU
		Release|Any CPU = Release|Any CPU
	EndGlobalSection
	GlobalSection(ProjectConfigurationPlatforms) = postSolution
		{6A260E71-654F-4D88-8A27-18BA4F28AA8A}.Debug|Any CPU.ActiveCfg = Debug|Any CPU
		{6A260E71-654F-4D88-8A27-18BA4F28AA8A}.Debug|Any CPU.Build.0 = Debug|Any CPU
		{6A260E71-654F-4D88-8A27-18BA4F28AA8A}.Release|Any CPU.ActiveCfg = Release|Any CPU
		{6A260E71-654F-4D88-8A27-18BA4F28AA8A}.Release|Any CPU.Build.0 = Release|Any CPU
	EndGlobalSection
	GlobalSection(SolutionProperties) = preSolution
		HideSolutionNode = FALSE
	EndGlobalSection
	GlobalSection(ExtensibilityGlobals) = postSolution
		SolutionGuid = {4EEB95D4-AE8C-4909-989C-0F5CABF8E4D4}
	EndGlobalSection
EndGlobal
